{
  "version": 4,
  "terraform_version": "1.15.5",
  "serial": 9,
  "lineage": "f1dd6290-dc69-aa81-0b13-19afd11492df",
  "outputs": {
    "database_public_ip": {
      "value": "34.136.52.206",
      "type": "string"
    },
    "payment_api_url": {
      "value": "https://payment-orchestration-engine-44gyeebm6a-uc.a.run.app",
      "type": "string"
    },
    "storefront_url": {
      "value": "https://storefront-engine-44gyeebm6a-uc.a.run.app",
      "type": "string"
    },
    "underwriting_api_url": {
      "value": "https://underwriting-engine-44gyeebm6a-uc.a.run.app",
      "type": "string"
    }
  },
  "resources": [
    {
      "mode": "managed",
      "type": "google_cloud_run_service_iam_member",
      "name": "public_payment_api",
      "provider": "provider[\"registry.terraform.io/hashicorp/google\"]",
      "instances": [
        {
          "schema_version": 0,
          "attributes": {
            "condition": [],
            "etag": "BwZV0Vi09o0=",
            "id": "v1/projects/paysurity-platform-2026/locations/us-central1/services/payment-orchestration-engine/roles/run.invoker/allUsers",
            "location": "us-central1",
            "member": "allUsers",
            "project": "paysurity-platform-2026",
            "role": "roles/run.invoker",
            "service": "v1/projects/paysurity-platform-2026/locations/us-central1/services/payment-orchestration-engine"
          },
          "sensitive_attributes": [],
          "identity_schema_version": 0,
          "private": "bnVsbA==",
          "dependencies": [
            "google_cloud_run_v2_service.payment_orchestration",
            "google_sql_database_instance.paysurity_db"
          ]
        }
      ]
    },
    {
      "mode": "managed",
      "type": "google_cloud_run_service_iam_member",
      "name": "public_storefront",
      "provider": "provider[\"registry.terraform.io/hashicorp/google\"]",
      "instances": [
        {
          "schema_version": 0,
          "attributes": {
            "condition": [],
            "etag": "BwZV0VlVk6w=",
            "id": "v1/projects/paysurity-platform-2026/locations/us-central1/services/storefront-engine/roles/run.invoker/allUsers",
            "location": "us-central1",
            "member": "allUsers",
            "project": "paysurity-platform-2026",
            "role": "roles/run.invoker",
            "service": "v1/projects/paysurity-platform-2026/locations/us-central1/services/storefront-engine"
          },
          "sensitive_attributes": [],
          "identity_schema_version": 0,
          "private": "bnVsbA==",
          "dependencies": [
            "google_cloud_run_v2_service.payment_orchestration",
            "google_cloud_run_v2_service.storefront_engine",
            "google_sql_database_instance.paysurity_db"
          ]
        }
      ]
    },
    {
      "mode": "managed",
      "type": "google_cloud_run_service_iam_member",
      "name": "public_underwriting_api",
      "provider": "provider[\"registry.terraform.io/hashicorp/google\"]",
      "instances": [
        {
          "schema_version": 0,
          "attributes": {
            "condition": [],
            "etag": "BwZV0Vi1Hj0=",
            "id": "v1/projects/paysurity-platform-2026/locations/us-central1/services/underwriting-engine/roles/run.invoker/allUsers",
            "location": "us-central1",
            "member": "allUsers",
            "project": "paysurity-platform-2026",
            "role": "roles/run.invoker",
            "service": "v1/projects/paysurity-platform-2026/locations/us-central1/services/underwriting-engine"
          },
          "sensitive_attributes": [],
          "identity_schema_version": 0,
          "private": "bnVsbA==",
          "dependencies": [
            "google_cloud_run_v2_service.underwriting_engine",
            "google_sql_database_instance.paysurity_db"
          ]
        }
      ]
    },
    {
      "mode": "managed",
      "type": "google_cloud_run_v2_service",
      "name": "payment_orchestration",
      "provider": "provider[\"registry.terraform.io/hashicorp/google\"]",
      "instances": [
        {
          "schema_version": 0,
          "attributes": {
            "annotations": null,
            "binary_authorization": [],
            "client": "",
            "client_version": "",
            "conditions": [
              {
                "execution_reason": "",
                "last_transition_time": "2026-07-04T23:24:38.819479Z",
                "message": "",
                "reason": "",
                "revision_reason": "",
                "severity": "",
                "state": "CONDITION_SUCCEEDED",
                "type": "RoutesReady"
              },
              {
                "execution_reason": "",
                "last_transition_time": "2026-07-04T23:24:24.691446Z",
                "message": "",
                "reason": "",
                "revision_reason": "",
                "severity": "",
                "state": "CONDITION_SUCCEEDED",
                "type": "ConfigurationsReady"
              }
            ],
            "create_time": "2026-07-04T23:24:23.891394Z",
            "creator": "americaneaglelogsvc@gmail.com",
            "custom_audiences": null,
            "delete_time": "",
            "description": "",
            "effective_annotations": {},
            "effective_labels": {},
            "etag": "\"CKesptIGENCvhqkD/cHJvamVjdHMvcGF5c3VyaXR5LXBsYXRmb3JtLTIwMjYvbG9jYXRpb25zL3VzLWNlbnRyYWwxL3NlcnZpY2VzL3BheW1lbnQtb3JjaGVzdHJhdGlvbi1lbmdpbmU\"",
            "expire_time": "",
            "generation": "1",
            "id": "projects/paysurity-platform-2026/locations/us-central1/services/payment-orchestration-engine",
            "ingress": "INGRESS_TRAFFIC_ALL",
            "labels": null,
            "last_modifier": "americaneaglelogsvc@gmail.com",
            "latest_created_revision": "projects/paysurity-platform-2026/locations/us-central1/services/payment-orchestration-engine/revisions/payment-orchestration-engine-00001-nth",
            "latest_ready_revision": "projects/paysurity-platform-2026/locations/us-central1/services/payment-orchestration-engine/revisions/payment-orchestration-engine-00001-nth",
            "launch_stage": "GA",
            "location": "us-central1",
            "name": "payment-orchestration-engine",
            "observed_generation": "1",
            "project": "paysurity-platform-2026",
            "reconciling": false,
            "template": [
              {
                "annotations": null,
                "containers": [
                  {
                    "args": null,
                    "command": null,
                    "depends_on": null,
                    "env": [
                      {
                        "name": "DATABASE_URL",
                        "value": "postgresql://paysurity_admin:Astaghfar@astaghfar@09976@34.136.52.206:5432/postgres?schema=public",
                        "value_source": []
                      }
                    ],
                    "image": "us-docker.pkg.dev/cloudrun/container/hello",
                    "liveness_probe": [],
                    "name": "",
                    "ports": [
                      {
                        "container_port": 8080,
                        "name": "http1"
                      }
                    ],
                    "resources": [
                      {
                        "cpu_idle": true,
                        "limits": {
                          "cpu": "1000m",
                          "memory": "512Mi"
                        },
                        "startup_cpu_boost": false
                      }
                    ],
                    "startup_probe": [
                      {
                        "failure_threshold": 1,
                        "grpc": [],
                        "http_get": [],
                        "initial_delay_seconds": 0,
                        "period_seconds": 240,
                        "tcp_socket": [
                          {
                            "port": 8080
                          }
                        ],
                        "timeout_seconds": 240
                      }
                    ],
                    "volume_mounts": [],
                    "working_dir": ""
                  }
                ],
                "encryption_key": "",
                "execution_environment": "",
                "labels": null,
                "max_instance_request_concurrency": 80,
                "revision": "",
                "scaling": [
                  {
                    "max_instance_count": 10,
                    "min_instance_count": 0
                  }
                ],
                "service_account": "111328865246-compute@developer.gserviceaccount.com",
                "session_affinity": false,
                "timeout": "300s",
                "volumes": [],
                "vpc_access": []
              }
            ],
            "terminal_condition": [
              {
                "execution_reason": "",
                "last_transition_time": "2026-07-04T23:24:38.861455Z",
                "message": "",
                "reason": "",
                "revision_reason": "",
                "severity": "",
                "state": "CONDITION_SUCCEEDED",
                "type": "Ready"
              }
            ],
            "terraform_labels": {},
            "timeouts": null,
            "traffic": [
              {
                "percent": 100,
                "revision": "",
                "tag": "",
                "type": "TRAFFIC_TARGET_ALLOCATION_TYPE_LATEST"
              }
            ],
            "traffic_statuses": [
              {
                "percent": 100,
                "revision": "",
                "tag": "",
                "type": "TRAFFIC_TARGET_ALLOCATION_TYPE_LATEST",
                "uri": ""
              }
            ],
            "uid": "8501dea2-74ea-4a04-a9a5-8af11ab4fc19",
            "update_time": "2026-07-04T23:24:23.891394Z",
            "uri": "https://payment-orchestration-engine-44gyeebm6a-uc.a.run.app"
          },
          "sensitive_attributes": [
            [
              {
                "type": "get_attr",
                "value": "template"
              },
              {
                "type": "index",
                "value": {
                  "value": 0,
                  "type": "number"
                }
              },
              {
                "type": "get_attr",
                "value": "containers"
              },
              {
                "type": "index",
                "value": {
                  "value": 0,
                  "type": "number"
                }
              },
              {
                "type": "get_attr",
                "value": "env"
              },
              {
                "type": "index",
                "value": {
                  "value": 0,
                  "type": "number"
                }
              },
              {
                "type": "get_attr",
                "value": "value"
              }
            ]
          ],
          "identity_schema_version": 0,
          "private": "eyJlMmJmYjczMC1lY2FhLTExZTYtOGY4OC0zNDM2M2JjN2M0YzAiOnsiY3JlYXRlIjoxMjAwMDAwMDAwMDAwLCJkZWxldGUiOjEyMDAwMDAwMDAwMDAsInVwZGF0ZSI6MTIwMDAwMDAwMDAwMH19",
          "dependencies": [
            "google_sql_database_instance.paysurity_db"
          ]
        }
      ]
    },
    {
      "mode": "managed",
      "type": "google_cloud_run_v2_service",
      "name": "storefront_engine",
      "provider": "provider[\"registry.terraform.io/hashicorp/google\"]",
      "instances": [
        {
          "schema_version": 0,
          "attributes": {
            "annotations": null,
            "binary_authorization": [],
            "client": "",
            "client_version": "",
            "conditions": [
              {
                "execution_reason": "",
                "last_transition_time": "2026-07-04T23:24:48.344736Z",
                "message": "",
                "reason": "",
                "revision_reason": "",
                "severity": "",
                "state": "CONDITION_SUCCEEDED",
                "type": "RoutesReady"
              },
              {
                "execution_reason": "",
                "last_transition_time": "2026-07-04T23:24:45.381980Z",
                "message": "",
                "reason": "",
                "revision_reason": "",
                "severity": "",
                "state": "CONDITION_SUCCEEDED",
                "type": "ConfigurationsReady"
              }
            ],
            "create_time": "2026-07-04T23:24:44.643891Z",
            "creator": "americaneaglelogsvc@gmail.com",
            "custom_audiences": null,
            "delete_time": "",
            "description": "",
            "effective_annotations": {},
            "effective_labels": {},
            "etag": "\"CLysptIGELj-g7MC/cHJvamVjdHMvcGF5c3VyaXR5LXBsYXRmb3JtLTIwMjYvbG9jYXRpb25zL3VzLWNlbnRyYWwxL3NlcnZpY2VzL3N0b3JlZnJvbnQtZW5naW5l\"",
            "expire_time": "",
            "generation": "1",
            "id": "projects/paysurity-platform-2026/locations/us-central1/services/storefront-engine",
            "ingress": "INGRESS_TRAFFIC_ALL",
            "labels": null,
            "last_modifier": "americaneaglelogsvc@gmail.com",
            "latest_created_revision": "projects/paysurity-platform-2026/locations/us-central1/services/storefront-engine/revisions/storefront-engine-00001-d8x",
            "latest_ready_revision": "projects/paysurity-platform-2026/locations/us-central1/services/storefront-engine/revisions/storefront-engine-00001-d8x",
            "launch_stage": "GA",
            "location": "us-central1",
            "name": "storefront-engine",
            "observed_generation": "1",
            "project": "paysurity-platform-2026",
            "reconciling": false,
            "template": [
              {
                "annotations": null,
                "containers": [
                  {
                    "args": null,
                    "command": null,
                    "depends_on": null,
                    "env": [
                      {
                        "name": "NEXT_PUBLIC_PAYMENT_API_URL",
                        "value": "https://payment-orchestration-engine-44gyeebm6a-uc.a.run.app",
                        "value_source": []
                      }
                    ],
                    "image": "us-docker.pkg.dev/cloudrun/container/hello",
                    "liveness_probe": [],
                    "name": "",
                    "ports": [
                      {
                        "container_port": 8080,
                        "name": "http1"
                      }
                    ],
                    "resources": [
                      {
                        "cpu_idle": true,
                        "limits": {
                          "cpu": "1000m",
                          "memory": "512Mi"
                        },
                        "startup_cpu_boost": false
                      }
                    ],
                    "startup_probe": [
                      {
                        "failure_threshold": 1,
                        "grpc": [],
                        "http_get": [],
                        "initial_delay_seconds": 0,
                        "period_seconds": 240,
                        "tcp_socket": [
                          {
                            "port": 8080
                          }
                        ],
                        "timeout_seconds": 240
                      }
                    ],
                    "volume_mounts": [],
                    "working_dir": ""
                  }
                ],
                "encryption_key": "",
                "execution_environment": "",
                "labels": null,
                "max_instance_request_concurrency": 80,
                "revision": "",
                "scaling": [
                  {
                    "max_instance_count": 10,
                    "min_instance_count": 0
                  }
                ],
                "service_account": "111328865246-compute@developer.gserviceaccount.com",
                "session_affinity": false,
                "timeout": "300s",
                "volumes": [],
                "vpc_access": []
              }
            ],
            "terminal_condition": [
              {
                "execution_reason": "",
                "last_transition_time": "2026-07-04T23:24:48.379478Z",
                "message": "",
                "reason": "",
                "revision_reason": "",
                "severity": "",
                "state": "CONDITION_SUCCEEDED",
                "type": "Ready"
              }
            ],
            "terraform_labels": {},
            "timeouts": null,
            "traffic": [
              {
                "percent": 100,
                "revision": "",
                "tag": "",
                "type": "TRAFFIC_TARGET_ALLOCATION_TYPE_LATEST"
              }
            ],
            "traffic_statuses": [
              {
                "percent": 100,
                "revision": "",
                "tag": "",
                "type": "TRAFFIC_TARGET_ALLOCATION_TYPE_LATEST",
                "uri": ""
              }
            ],
            "uid": "6823442e-3b1c-4354-881f-c58c2093ce80",
            "update_time": "2026-07-04T23:24:44.643891Z",
            "uri": "https://storefront-engine-44gyeebm6a-uc.a.run.app"
          },
          "sensitive_attributes": [],
          "identity_schema_version": 0,
          "private": "eyJlMmJmYjczMC1lY2FhLTExZTYtOGY4OC0zNDM2M2JjN2M0YzAiOnsiY3JlYXRlIjoxMjAwMDAwMDAwMDAwLCJkZWxldGUiOjEyMDAwMDAwMDAwMDAsInVwZGF0ZSI6MTIwMDAwMDAwMDAwMH19",
          "dependencies": [
            "google_cloud_run_v2_service.payment_orchestration",
            "google_sql_database_instance.paysurity_db"
          ]
        }
      ]
    },
    {
      "mode": "managed",
      "type": "google_cloud_run_v2_service",
      "name": "underwriting_engine",
      "provider": "provider[\"registry.terraform.io/hashicorp/google\"]",
      "instances": [
        {
          "schema_version": 0,
          "attributes": {
            "annotations": null,
            "binary_authorization": [],
            "client": "",
            "client_version": "",
            "conditions": [
              {
                "execution_reason": "",
                "last_transition_time": "2026-07-04T23:24:38.689287Z",
                "message": "",
                "reason": "",
                "revision_reason": "",
                "severity": "",
                "state": "CONDITION_SUCCEEDED",
                "type": "RoutesReady"
              },
              {
                "execution_reason": "",
                "last_transition_time": "2026-07-04T23:24:24.647892Z",
                "message": "",
                "reason": "",
                "revision_reason": "",
                "severity": "",
                "state": "CONDITION_SUCCEEDED",
                "type": "ConfigurationsReady"
              }
            ],
            "create_time": "2026-07-04T23:24:23.873667Z",
            "creator": "americaneaglelogsvc@gmail.com",
            "custom_audiences": null,
            "delete_time": "",
            "description": "",
            "effective_annotations": {},
            "effective_labels": {},
            "etag": "\"CKesptIGELizzKAD/cHJvamVjdHMvcGF5c3VyaXR5LXBsYXRmb3JtLTIwMjYvbG9jYXRpb25zL3VzLWNlbnRyYWwxL3NlcnZpY2VzL3VuZGVyd3JpdGluZy1lbmdpbmU\"",
            "expire_time": "",
            "generation": "1",
            "id": "projects/paysurity-platform-2026/locations/us-central1/services/underwriting-engine",
            "ingress": "INGRESS_TRAFFIC_ALL",
            "labels": null,
            "last_modifier": "americaneaglelogsvc@gmail.com",
            "latest_created_revision": "projects/paysurity-platform-2026/locations/us-central1/services/underwriting-engine/revisions/underwriting-engine-00001-r6z",
            "latest_ready_revision": "projects/paysurity-platform-2026/locations/us-central1/services/underwriting-engine/revisions/underwriting-engine-00001-r6z",
            "launch_stage": "GA",
            "location": "us-central1",
            "name": "underwriting-engine",
            "observed_generation": "1",
            "project": "paysurity-platform-2026",
            "reconciling": false,
            "template": [
              {
                "annotations": null,
                "containers": [
                  {
                    "args": null,
                    "command": null,
                    "depends_on": null,
                    "env": [
                      {
                        "name": "DATABASE_URL",
                        "value": "postgresql://paysurity_admin:Astaghfar@astaghfar@09976@34.136.52.206:5432/postgres?schema=public",
                        "value_source": []
                      }
                    ],
                    "image": "us-docker.pkg.dev/cloudrun/container/hello",
                    "liveness_probe": [],
                    "name": "",
                    "ports": [
                      {
                        "container_port": 8080,
                        "name": "http1"
                      }
                    ],
                    "resources": [
                      {
                        "cpu_idle": true,
                        "limits": {
                          "cpu": "1000m",
                          "memory": "512Mi"
                        },
                        "startup_cpu_boost": false
                      }
                    ],
                    "startup_probe": [
                      {
                        "failure_threshold": 1,
                        "grpc": [],
                        "http_get": [],
                        "initial_delay_seconds": 0,
                        "period_seconds": 240,
                        "tcp_socket": [
                          {
                            "port": 8080
                          }
                        ],
                        "timeout_seconds": 240
                      }
                    ],
                    "volume_mounts": [],
                    "working_dir": ""
                  }
                ],
                "encryption_key": "",
                "execution_environment": "",
                "labels": null,
                "max_instance_request_concurrency": 80,
                "revision": "",
                "scaling": [
                  {
                    "max_instance_count": 10,
                    "min_instance_count": 0
                  }
                ],
                "service_account": "111328865246-compute@developer.gserviceaccount.com",
                "session_affinity": false,
                "timeout": "300s",
                "volumes": [],
                "vpc_access": []
              }
            ],
            "terminal_condition": [
              {
                "execution_reason": "",
                "last_transition_time": "2026-07-04T23:24:38.739284Z",
                "message": "",
                "reason": "",
                "revision_reason": "",
                "severity": "",
                "state": "CONDITION_SUCCEEDED",
                "type": "Ready"
              }
            ],
            "terraform_labels": {},
            "timeouts": null,
            "traffic": [
              {
                "percent": 100,
                "revision": "",
                "tag": "",
                "type": "TRAFFIC_TARGET_ALLOCATION_TYPE_LATEST"
              }
            ],
            "traffic_statuses": [
              {
                "percent": 100,
                "revision": "",
                "tag": "",
                "type": "TRAFFIC_TARGET_ALLOCATION_TYPE_LATEST",
                "uri": ""
              }
            ],
            "uid": "12cfbb5b-4dd1-4cbc-b317-39821c318ee1",
            "update_time": "2026-07-04T23:24:23.873667Z",
            "uri": "https://underwriting-engine-44gyeebm6a-uc.a.run.app"
          },
          "sensitive_attributes": [
            [
              {
                "type": "get_attr",
                "value": "template"
              },
              {
                "type": "index",
                "value": {
                  "value": 0,
                  "type": "number"
                }
              },
              {
                "type": "get_attr",
                "value": "containers"
              },
              {
                "type": "index",
                "value": {
                  "value": 0,
                  "type": "number"
                }
              },
              {
                "type": "get_attr",
                "value": "env"
              },
              {
                "type": "index",
                "value": {
                  "value": 0,
                  "type": "number"
                }
              },
              {
                "type": "get_attr",
                "value": "value"
              }
            ]
          ],
          "identity_schema_version": 0,
          "private": "eyJlMmJmYjczMC1lY2FhLTExZTYtOGY4OC0zNDM2M2JjN2M0YzAiOnsiY3JlYXRlIjoxMjAwMDAwMDAwMDAwLCJkZWxldGUiOjEyMDAwMDAwMDAwMDAsInVwZGF0ZSI6MTIwMDAwMDAwMDAwMH19",
          "dependencies": [
            "google_sql_database_instance.paysurity_db"
          ]
        }
      ]
    },
    {
      "mode": "managed",
      "type": "google_sql_database_instance",
      "name": "paysurity_db",
      "provider": "provider[\"registry.terraform.io/hashicorp/google\"]",
      "instances": [
        {
          "schema_version": 0,
          "attributes": {
            "available_maintenance_versions": [],
            "clone": [],
            "connection_name": "paysurity-platform-2026:us-central1:paysurity-primary-db",
            "database_version": "POSTGRES_15",
            "deletion_protection": true,
            "dns_name": "",
            "encryption_key_name": null,
            "first_ip_address": "34.136.52.206",
            "id": "paysurity-primary-db",
            "instance_type": "CLOUD_SQL_INSTANCE",
            "ip_address": [
              {
                "ip_address": "34.136.52.206",
                "time_to_retire": "",
                "type": "PRIMARY"
              },
              {
                "ip_address": "35.253.67.36",
                "time_to_retire": "",
                "type": "OUTGOING"
              }
            ],
            "maintenance_version": "POSTGRES_15_18.R20260319.07_14",
            "master_instance_name": "",
            "name": "paysurity-primary-db",
            "private_ip_address": "",
            "project": "paysurity-platform-2026",
            "psc_service_attachment_link": "",
            "public_ip_address": "34.136.52.206",
            "region": "us-central1",
            "replica_configuration": [],
            "restore_backup_context": [],
            "root_password": null,
            "self_link": "https://sqladmin.googleapis.com/sql/v1beta4/projects/paysurity-platform-2026/instances/paysurity-primary-db",
            "server_ca_cert": [
              {
                "cert": "-----BEGIN CERTIFICATE-----\nMIIDcTCCAlmgAwIBAgIBADANBgkqhkiG9w0BAQsFADBwMS0wKwYDVQQuEyQ5MTUx\nZTlkZi01ZjQxLTQyNjItOTYyMi05ZDYzODk1ZmU3YmQxHDAaBgNVBAMTE0Nsb3Vk\nIFNRTCBTZXJ2ZXIgQ0ExFDASBgNVBAoTC0dvb2dsZSwgSW5jMQswCQYDVQQGEwJV\nUzAeFw0yNjA3MDQyMzE0MDNaFw0zNjA3MDEyMzE1MDNaMHAxLTArBgNVBC4TJDkx\nNTFlOWRmLTVmNDEtNDI2Mi05NjIyLTlkNjM4OTVmZTdiZDEcMBoGA1UEAxMTQ2xv\ndWQgU1FMIFNlcnZlciBDQTEUMBIGA1UEChMLR29vZ2xlLCBJbmMxCzAJBgNVBAYT\nAlVTMIIBIjANBgkqhkiG9w0BAQEFAAOCAQ8AMIIBCgKCAQEAoqxvpYXqkEB0Six7\nTej7QVzsmwPnb47GBh/XnuUGBKiHL8szjr9Vlk9KxpGcOs43QRt5FnljjD4Gd/5A\nbxS9n6HoRV/DQSX5IYYIza3GrZd3ugM3KU3//FidotDjyHXf65N35K3N51B/HuH2\nVuAtVFYPriRFr/M5uFpk/pHw/IwHZR8E9oihCiz34rCC75+NoDFsBammUYdWmmDz\n7G8lZXVmjmZp5de0RRrydvIPHRtsgTmp7NR/mJpRFPmMtEL3SE9PhHJQFd6HVac2\n1dEYbWmb3YslT++fB47qjHrweveJ872+mx3e9C2rckj9dgLsEtp08xdo/Jw9dMSs\nM16tqQIDAQABoxYwFDASBgNVHRMBAf8ECDAGAQH/AgEAMA0GCSqGSIb3DQEBCwUA\nA4IBAQCSE1yVW0SVKDwZAhFC/B9JjJQtjjMy2rDcBbRRWwWfXr/P3sRwAKLvgYqo\nzzDwouLgtwvmwda9GUTozRSs0a2pCE3flzV7McxnMJc/bHKPz+1etQzUSmc3c9+5\nIe2GwHNaMX1WnEUk/FnX0rD/01f4zIDsN7m/VV/BawqK2LNWmmponlv2rMgAkD69\nD4n15MHMx7jYYkA3ehizMi+2GWaf5dns0FSze0kgqBpCmettqmKb5ODssokvSwPs\ni5ghEUZceNvLmSFkN4ZJKuJfjhIC/+J8lDWnJwAWJCLUW3+e8Fhj9tuWrmzw679G\n6kXNYsJZPZWu6FOUfNYl83Axwl8P\n-----END CERTIFICATE-----",
                "common_name": "C=US,O=Google\\, Inc,CN=Cloud SQL Server CA,dnQualifier=9151e9df-5f41-4262-9622-9d63895fe7bd",
                "create_time": "2026-07-04T23:14:03.160Z",
                "expiration_time": "2036-07-01T23:15:03.160Z",
                "sha1_fingerprint": "6543f1495bba08e2f88d688caaa517a7285c7b5a"
              }
            ],
            "service_account_email_address": "p111328865246-xp71ne@gcp-sa-cloud-sql.iam.gserviceaccount.com",
            "settings": [
              {
                "activation_policy": "ALWAYS",
                "active_directory_config": [],
                "advanced_machine_features": [],
                "availability_type": "ZONAL",
                "backup_configuration": [
                  {
                    "backup_retention_settings": [
                      {
                        "retained_backups": 7,
                        "retention_unit": "COUNT"
                      }
                    ],
                    "binary_log_enabled": false,
                    "enabled": false,
                    "location": "",
                    "point_in_time_recovery_enabled": false,
                    "start_time": "08:00",
                    "transaction_log_retention_days": 7
                  }
                ],
                "collation": "",
                "connector_enforcement": "NOT_REQUIRED",
                "data_cache_config": [],
                "database_flags": [],
                "deletion_protection_enabled": false,
                "deny_maintenance_period": [],
                "disk_autoresize": true,
                "disk_autoresize_limit": 0,
                "disk_size": 10,
                "disk_type": "PD_SSD",
                "edition": "ENTERPRISE",
                "enable_dataplex_integration": false,
                "enable_google_ml_integration": false,
                "insights_config": [],
                "ip_configuration": [
                  {
                    "allocated_ip_range": "",
                    "authorized_networks": [],
                    "enable_private_path_for_google_cloud_services": false,
                    "ipv4_enabled": true,
                    "private_network": "",
                    "psc_config": [],
                    "require_ssl": false,
                    "server_ca_mode": "GOOGLE_MANAGED_INTERNAL_CA",
                    "ssl_mode": ""
                  }
                ],
                "location_preference": [
                  {
                    "follow_gae_application": "",
                    "secondary_zone": "",
                    "zone": "us-central1-c"
                  }
                ],
                "maintenance_window": [],
                "password_validation_policy": [],
                "pricing_plan": "PER_USE",
                "sql_server_audit_config": [],
                "tier": "db-f1-micro",
                "time_zone": "",
                "user_labels": {},
                "version": 1
              }
            ],
            "timeouts": null
          },
          "sensitive_attributes": [
            [
              {
                "type": "get_attr",
                "value": "root_password"
              }
            ],
            [
              {
                "type": "get_attr",
                "value": "server_ca_cert"
              }
            ]
          ],
          "identity_schema_version": 0,
          "private": "eyJlMmJmYjczMC1lY2FhLTExZTYtOGY4OC0zNDM2M2JjN2M0YzAiOnsiY3JlYXRlIjo1NDAwMDAwMDAwMDAwLCJkZWxldGUiOjU0MDAwMDAwMDAwMDAsInVwZGF0ZSI6NTQwMDAwMDAwMDAwMH19"
        }
      ]
    },
    {
      "mode": "managed",
      "type": "google_sql_user",
      "name": "paysurity_user",
      "provider": "provider[\"registry.terraform.io/hashicorp/google\"]",
      "instances": [
        {
          "schema_version": 1,
          "attributes": {
            "deletion_policy": null,
            "host": "",
            "id": "paysurity_admin//paysurity-primary-db",
            "instance": "paysurity-primary-db",
            "name": "paysurity_admin",
            "password": "Astaghfar@astaghfar@09976",
            "password_policy": [],
            "project": "paysurity-platform-2026",
            "sql_server_user_details": [],
            "timeouts": null,
            "type": ""
          },
          "sensitive_attributes": [
            [
              {
                "type": "get_attr",
                "value": "password"
              }
            ]
          ],
          "identity_schema_version": 0,
          "private": "eyJlMmJmYjczMC1lY2FhLTExZTYtOGY4OC0zNDM2M2JjN2M0YzAiOnsiY3JlYXRlIjo2MDAwMDAwMDAwMDAsImRlbGV0ZSI6NjAwMDAwMDAwMDAwLCJ1cGRhdGUiOjYwMDAwMDAwMDAwMH0sInNjaGVtYV92ZXJzaW9uIjoiMSJ9",
          "dependencies": [
            "google_sql_database_instance.paysurity_db"
          ]
        }
      ]
    }
  ],
  "check_results": null
}
